
Microsoft Visual Studio Solution File, Format Version 12.00
# Visual Studio 15
Project("{FAE04EC0-301F-11D3-BF4B-00C04F79EFBC}") = "Assembly-CSharp", "Assembly-CSharp.csproj", "{85862BB1-7603-D51E-03C7-3BDC097CD117}"
EndProject
Project("{FAE04EC0-301F-11D3-BF4B-00C04F79EFBC}") = "Assembly-CSharp-Editor", "Assembly-CSharp-Editor.csproj", "{9A85DD60-9255-F54E-A8F3-596253F0B534}"
EndProject
Global
	GlobalSection(SolutionConfigurationPlatforms) = preSolution
		Debug|Any CPU = Debug|Any CPU
		Release|Any CPU = Release|Any CPU
	EndGlobalSection
	GlobalSection(ProjectConfigurationPlatforms) = postSolution
		{85862BB1-7603-D51E-03C7-3BDC097CD117}.Debug|Any CPU.ActiveCfg = Debug|Any CPU
		{85862BB1-7603-D51E-03C7-3BDC097CD117}.Debug|Any CPU.Build.0 = Debug|Any CPU
		{85862BB1-7603-D51E-03C7-3BDC097CD117}.Release|Any CPU.ActiveCfg = Release|Any CPU
		{85862BB1-7603-D51E-03C7-3BDC097CD117}.Release|Any CPU.Build.0 = Release|Any CPU
		{9A85DD60-9255-F54E-A8F3-596253F0B534}.Debug|Any CPU.ActiveCfg = Debug|Any CPU
		{9A85DD60-9255-F54E-A8F3-596253F0B534}.Debug|Any CPU.Build.0 = Debug|Any CPU
		{9A85DD60-9255-F54E-A8F3-596253F0B534}.Release|Any CPU.ActiveCfg = Release|Any CPU
		{9A85DD60-9255-F54E-A8F3-596253F0B534}.Release|Any CPU.Build.0 = Release|Any CPU
	EndGlobalSection
	GlobalSection(SolutionProperties) = preSolution
		HideSolutionNode = FALSE
	EndGlobalSection
EndGlobal
